
Microsoft Visual Studio Solution File, Format Version 11.00
# Visual Basic Express 2010
Project("{F184B08F-C81C-45F6-A57F-5ABD9991F28F}") = "Salaria", "Salaria.vbproj", "{AD70A912-E640-4811-BA08-B7DB125A0944}"
EndProject
Global
	GlobalSection(SolutionConfigurationPlatforms) = preSolution
		Debug|x86 = Debug|x86
		Release|x86 = Release|x86
	EndGlobalSection
	GlobalSection(ProjectConfigurationPlatforms) = postSolution
		{AD70A912-E640-4811-BA08-B7DB125A0944}.Debug|x86.ActiveCfg = Debug|x86
		{AD70A912-E640-4811-BA08-B7DB125A0944}.Debug|x86.Build.0 = Debug|x86
		{AD70A912-E640-4811-BA08-B7DB125A0944}.Release|x86.ActiveCfg = Release|x86
		{AD70A912-E640-4811-BA08-B7DB125A0944}.Release|x86.Build.0 = Release|x86
	EndGlobalSection
	GlobalSection(SolutionProperties) = preSolution
		HideSolutionNode = FALSE
	EndGlobalSection
EndGlobal
